
Microsoft Visual Studio Solution File, Format Version 12.00
# Visual Studio Version 16
VisualStudioVersion = 16.0.30503.244
MinimumVisualStudioVersion = 10.0.40219.1
Project("{8BC9CEB8-8B4A-11D0-8D11-00A0C91BC942}") = "Week5", "Week5\Week5.vcxproj", "{102AD17F-107D-4223-A77C-F56B6D42F678}"
EndProject
Global
	GlobalSection(SolutionConfigurationPlatforms) = preSolution
		Debug|x64 = Debug|x64
		Debug|x86 = Debug|x86
		Release|x64 = Release|x64
		Release|x86 = Release|x86
	EndGlobalSection
	GlobalSection(ProjectConfigurationPlatforms) = postSolution
		{102AD17F-107D-4223-A77C-F56B6D42F678}.Debug|x64.ActiveCfg = Debug|x64
		{102AD17F-107D-4223-A77C-F56B6D42F678}.Debug|x64.Build.0 = Debug|x64
		{102AD17F-107D-4223-A77C-F56B6D42F678}.Debug|x86.ActiveCfg = Debug|Win32
		{102AD17F-107D-4223-A77C-F56B6D42F678}.Debug|x86.Build.0 = Debug|Win32
		{102AD17F-107D-4223-A77C-F56B6D42F678}.Release|x64.ActiveCfg = Release|x64
		{102AD17F-107D-4223-A77C-F56B6D42F678}.Release|x64.Build.0 = Release|x64
		{102AD17F-107D-4223-A77C-F56B6D42F678}.Release|x86.ActiveCfg = Release|Win32
		{102AD17F-107D-4223-A77C-F56B6D42F678}.Release|x86.Build.0 = Release|Win32
	EndGlobalSection
	GlobalSection(SolutionProperties) = preSolution
		HideSolutionNode = FALSE
	EndGlobalSection
	GlobalSection(ExtensibilityGlobals) = postSolution
		SolutionGuid = {98CA1CEA-59E6-4293-904E-34A954BCD9A6}
	EndGlobalSection
EndGlobal
